
Microsoft Visual Studio Solution File, Format Version 12.00
# Visual Studio Version 17
VisualStudioVersion = 17.0.31903.59
MinimumVisualStudioVersion = 10.0.40219.1
Project("{2150E333-8FDC-42A3-9474-1A3956D46DE8}") = "src", "src", "{5393AA20-D758-4D7A-B0A9-A204E25EF09A}"
EndProject
Project("{FAE04EC0-301F-11D3-BF4B-00C04F79EFBC}") = "OpenFTTH.Reporting", "src\OpenFTTH.Reporting\OpenFTTH.Reporting.csproj", "{76F3DCB0-CCB8-4818-AA22-B2BCAE5F8EEE}"
EndProject
Global
	GlobalSection(SolutionConfigurationPlatforms) = preSolution
		Debug|Any CPU = Debug|Any CPU
		Release|Any CPU = Release|Any CPU
	EndGlobalSection
	GlobalSection(SolutionProperties) = preSolution
		HideSolutionNode = FALSE
	EndGlobalSection
	GlobalSection(ProjectConfigurationPlatforms) = postSolution
		{76F3DCB0-CCB8-4818-AA22-B2BCAE5F8EEE}.Debug|Any CPU.ActiveCfg = Debug|Any CPU
		{76F3DCB0-CCB8-4818-AA22-B2BCAE5F8EEE}.Debug|Any CPU.Build.0 = Debug|Any CPU
		{76F3DCB0-CCB8-4818-AA22-B2BCAE5F8EEE}.Release|Any CPU.ActiveCfg = Release|Any CPU
		{76F3DCB0-CCB8-4818-AA22-B2BCAE5F8EEE}.Release|Any CPU.Build.0 = Release|Any CPU
	EndGlobalSection
	GlobalSection(NestedProjects) = preSolution
		{76F3DCB0-CCB8-4818-AA22-B2BCAE5F8EEE} = {5393AA20-D758-4D7A-B0A9-A204E25EF09A}
	EndGlobalSection
EndGlobal
